Microsoft Visual Studio Solution File, Format Version 12.00
# Visual Studio Version 17
VisualStudioVersion = 17.5.2.0
MinimumVisualStudioVersion = 10.0.40219.1
Project("{FAE04EC0-301F-11D3-BF4B-00C04F79EFBC}") = "ASM1_NET", "ASM1_NET.csproj", "{94909960-E41D-7AB7-F744-BC4D8B414BF3}"
EndProject
Global
	GlobalSection(SolutionConfigurationPlatforms) = preSolution
		Debug|Any CPU = Debug|Any CPU
		Release|Any CPU = Release|Any CPU
	EndGlobalSection
	GlobalSection(ProjectConfigurationPlatforms) = postSolution
		{94909960-E41D-7AB7-F744-BC4D8B414BF3}.Debug|Any CPU.ActiveCfg = Debug|Any CPU
		{94909960-E41D-7AB7-F744-BC4D8B414BF3}.Debug|Any CPU.Build.0 = Debug|Any CPU
		{94909960-E41D-7AB7-F744-BC4D8B414BF3}.Release|Any CPU.ActiveCfg = Release|Any CPU
		{94909960-E41D-7AB7-F744-BC4D8B414BF3}.Release|Any CPU.Build.0 = Release|Any CPU
	EndGlobalSection
	GlobalSection(SolutionProperties) = preSolution
		HideSolutionNode = FALSE
	EndGlobalSection
	GlobalSection(ExtensibilityGlobals) = postSolution
		SolutionGuid = {EF02944B-D628-4458-AED8-A0C93E8F35BB}
	EndGlobalSection
EndGlobal
